
Microsoft Visual Studio Solution File, Format Version 12.00
# Visual Studio Version 16
VisualStudioVersion = 16.0.810.14
MinimumVisualStudioVersion = 10.0.40219.1
Project("{FAE04EC0-301F-11D3-BF4B-00C04F79EFBC}") = "SampleProject", "SampleProject\SampleProject.csproj", "{53F90BF2-C665-48E9-BB5B-B0091FB5226B}"
EndProject
Global
	GlobalSection(SolutionConfigurationPlatforms) = preSolution
		Debug|Any CPU = Debug|Any CPU
		Release|Any CPU = Release|Any CPU
	EndGlobalSection
	GlobalSection(ProjectConfigurationPlatforms) = postSolution
		{53F90BF2-C665-48E9-BB5B-B0091FB5226B}.Debug|Any CPU.ActiveCfg = Debug|Any CPU
		{53F90BF2-C665-48E9-BB5B-B0091FB5226B}.Debug|Any CPU.Build.0 = Debug|Any CPU
		{53F90BF2-C665-48E9-BB5B-B0091FB5226B}.Release|Any CPU.ActiveCfg = Release|Any CPU
		{53F90BF2-C665-48E9-BB5B-B0091FB5226B}.Release|Any CPU.Build.0 = Release|Any CPU
	EndGlobalSection
	GlobalSection(SolutionProperties) = preSolution
		HideSolutionNode = FALSE
	EndGlobalSection
	GlobalSection(ExtensibilityGlobals) = postSolution
		SolutionGuid = {3A7CFCD7-E9E6-4569-AE00-DB0D39E0D0B9}
	EndGlobalSection
EndGlobal
